
Microsoft Visual Studio Solution File, Format Version 12.00
# Visual Studio Version 16
VisualStudioVersion = 16.0.31729.503
MinimumVisualStudioVersion = 10.0.40219.1
Project("{FAE04EC0-301F-11D3-BF4B-00C04F79EFBC}") = "pong", "pong.csproj", "{DDC833BE-2332-4622-A25E-29C32C9BD8EE}"
EndProject
Global
	GlobalSection(SolutionConfigurationPlatforms) = preSolution
		Debug|Any CPU = Debug|Any CPU
		Release|Any CPU = Release|Any CPU
	EndGlobalSection
	GlobalSection(ProjectConfigurationPlatforms) = postSolution
		{DDC833BE-2332-4622-A25E-29C32C9BD8EE}.Debug|Any CPU.ActiveCfg = Debug|Any CPU
		{DDC833BE-2332-4622-A25E-29C32C9BD8EE}.Debug|Any CPU.Build.0 = Debug|Any CPU
		{DDC833BE-2332-4622-A25E-29C32C9BD8EE}.Release|Any CPU.ActiveCfg = Release|Any CPU
		{DDC833BE-2332-4622-A25E-29C32C9BD8EE}.Release|Any CPU.Build.0 = Release|Any CPU
	EndGlobalSection
	GlobalSection(SolutionProperties) = preSolution
		HideSolutionNode = FALSE
	EndGlobalSection
	GlobalSection(ExtensibilityGlobals) = postSolution
		SolutionGuid = {6DA2F7C4-55B5-4081-9089-A190289C719D}
	EndGlobalSection
EndGlobal
